
Microsoft Visual Studio Solution File, Format Version 12.00
# Visual Studio 14
VisualStudioVersion = 14.0.25420.1
MinimumVisualStudioVersion = 10.0.40219.1
Project("{FAE04EC0-301F-11D3-BF4B-00C04F79EFBC}") = "LugerSearchLibrary", "LugerSearchLibrary\LugerSearchLibrary.csproj", "{11B970DF-0613-4EDC-9A62-E2EFD23C2EA8}"
EndProject
Project("{FAE04EC0-301F-11D3-BF4B-00C04F79EFBC}") = "LugerSearchWolfGoatCabbage", "LugerSearchWolfGoatCabbage\LugerSearchWolfGoatCabbage.csproj", "{BE6CF2AA-7387-4AEC-BE97-098A684BB82E}"
EndProject
Project("{FAE04EC0-301F-11D3-BF4B-00C04F79EFBC}") = "LugerSearchWolfGoatCabbageConsole", "LugerSearchWolfGoatCabbageConsole\LugerSearchWolfGoatCabbageConsole.csproj", "{3326F607-BCC6-4C84-9FFB-42B1FDEF6098}"
EndProject
Global
	GlobalSection(SolutionConfigurationPlatforms) = preSolution
		Debug|Any CPU = Debug|Any CPU
		Release|Any CPU = Release|Any CPU
	EndGlobalSection
	GlobalSection(ProjectConfigurationPlatforms) = postSolution
		{11B970DF-0613-4EDC-9A62-E2EFD23C2EA8}.Debug|Any CPU.ActiveCfg = Debug|Any CPU
		{11B970DF-0613-4EDC-9A62-E2EFD23C2EA8}.Debug|Any CPU.Build.0 = Debug|Any CPU
		{11B970DF-0613-4EDC-9A62-E2EFD23C2EA8}.Release|Any CPU.ActiveCfg = Release|Any CPU
		{11B970DF-0613-4EDC-9A62-E2EFD23C2EA8}.Release|Any CPU.Build.0 = Release|Any CPU
		{BE6CF2AA-7387-4AEC-BE97-098A684BB82E}.Debug|Any CPU.ActiveCfg = Debug|Any CPU
		{BE6CF2AA-7387-4AEC-BE97-098A684BB82E}.Debug|Any CPU.Build.0 = Debug|Any CPU
		{BE6CF2AA-7387-4AEC-BE97-098A684BB82E}.Release|Any CPU.ActiveCfg = Release|Any CPU
		{BE6CF2AA-7387-4AEC-BE97-098A684BB82E}.Release|Any CPU.Build.0 = Release|Any CPU
		{3326F607-BCC6-4C84-9FFB-42B1FDEF6098}.Debug|Any CPU.ActiveCfg = Debug|Any CPU
		{3326F607-BCC6-4C84-9FFB-42B1FDEF6098}.Debug|Any CPU.Build.0 = Debug|Any CPU
		{3326F607-BCC6-4C84-9FFB-42B1FDEF6098}.Release|Any CPU.ActiveCfg = Release|Any CPU
		{3326F607-BCC6-4C84-9FFB-42B1FDEF6098}.Release|Any CPU.Build.0 = Release|Any CPU
	EndGlobalSection
	GlobalSection(SolutionProperties) = preSolution
		HideSolutionNode = FALSE
	EndGlobalSection
EndGlobal
